
Microsoft Visual Studio Solution File, Format Version 12.00
# Visual Studio 2013
VisualStudioVersion = 12.0.30501.0
MinimumVisualStudioVersion = 10.0.40219.1
Project("{FAE04EC0-301F-11D3-BF4B-00C04F79EFBC}") = "GoogleCodeJam", "GoogleCodeJamPractice\GoogleCodeJam.csproj", "{6848121F-A407-4F07-B9F3-FD22A91E4C6F}"
EndProject
Project("{FAE04EC0-301F-11D3-BF4B-00C04F79EFBC}") = "TestGoogleCodeJam", "TestGoogleJamPractice\TestGoogleCodeJam.csproj", "{77A84BAB-0617-4C21-9376-AA0800D6037E}"
EndProject
Project("{FAE04EC0-301F-11D3-BF4B-00C04F79EFBC}") = "GoogleCodeJam.Interpreter", "GoogleCodeJam.Interpreter\GoogleCodeJam.Interpreter.csproj", "{0D7C5BC7-A296-46A7-8F4C-11E8BB36E49F}"
EndProject
Project("{FAE04EC0-301F-11D3-BF4B-00C04F79EFBC}") = "GoogleCodeJam.FileIO", "GoogleCodeJam.FileIO\GoogleCodeJam.FileIO.csproj", "{B085B9E0-39DD-4A2F-A79E-5167126D0161}"
EndProject
Project("{FAE04EC0-301F-11D3-BF4B-00C04F79EFBC}") = "GoogleCodeJam.Model", "GoogleCodeJam.Model\GoogleCodeJam.Model.csproj", "{179F0C75-CAEE-4331-994F-BD654101436E}"
EndProject
Global
	GlobalSection(SolutionConfigurationPlatforms) = preSolution
		Debug|Any CPU = Debug|Any CPU
		Release|Any CPU = Release|Any CPU
	EndGlobalSection
	GlobalSection(ProjectConfigurationPlatforms) = postSolution
		{6848121F-A407-4F07-B9F3-FD22A91E4C6F}.Debug|Any CPU.ActiveCfg = Debug|Any CPU
		{6848121F-A407-4F07-B9F3-FD22A91E4C6F}.Debug|Any CPU.Build.0 = Debug|Any CPU
		{6848121F-A407-4F07-B9F3-FD22A91E4C6F}.Release|Any CPU.ActiveCfg = Release|Any CPU
		{6848121F-A407-4F07-B9F3-FD22A91E4C6F}.Release|Any CPU.Build.0 = Release|Any CPU
		{77A84BAB-0617-4C21-9376-AA0800D6037E}.Debug|Any CPU.ActiveCfg = Debug|Any CPU
		{77A84BAB-0617-4C21-9376-AA0800D6037E}.Debug|Any CPU.Build.0 = Debug|Any CPU
		{77A84BAB-0617-4C21-9376-AA0800D6037E}.Release|Any CPU.ActiveCfg = Release|Any CPU
		{77A84BAB-0617-4C21-9376-AA0800D6037E}.Release|Any CPU.Build.0 = Release|Any CPU
		{0D7C5BC7-A296-46A7-8F4C-11E8BB36E49F}.Debug|Any CPU.ActiveCfg = Debug|Any CPU
		{0D7C5BC7-A296-46A7-8F4C-11E8BB36E49F}.Debug|Any CPU.Build.0 = Debug|Any CPU
		{0D7C5BC7-A296-46A7-8F4C-11E8BB36E49F}.Release|Any CPU.ActiveCfg = Release|Any CPU
		{0D7C5BC7-A296-46A7-8F4C-11E8BB36E49F}.Release|Any CPU.Build.0 = Release|Any CPU
		{B085B9E0-39DD-4A2F-A79E-5167126D0161}.Debug|Any CPU.ActiveCfg = Debug|Any CPU
		{B085B9E0-39DD-4A2F-A79E-5167126D0161}.Debug|Any CPU.Build.0 = Debug|Any CPU
		{B085B9E0-39DD-4A2F-A79E-5167126D0161}.Release|Any CPU.ActiveCfg = Release|Any CPU
		{B085B9E0-39DD-4A2F-A79E-5167126D0161}.Release|Any CPU.Build.0 = Release|Any CPU
		{179F0C75-CAEE-4331-994F-BD654101436E}.Debug|Any CPU.ActiveCfg = Debug|Any CPU
		{179F0C75-CAEE-4331-994F-BD654101436E}.Debug|Any CPU.Build.0 = Debug|Any CPU
		{179F0C75-CAEE-4331-994F-BD654101436E}.Release|Any CPU.ActiveCfg = Release|Any CPU
		{179F0C75-CAEE-4331-994F-BD654101436E}.Release|Any CPU.Build.0 = Release|Any CPU
	EndGlobalSection
	GlobalSection(SolutionProperties) = preSolution
		HideSolutionNode = FALSE
	EndGlobalSection
EndGlobal
